// !$*UTF8*$!
{
	archiveVersion = 1;
	classes = {
	};
	objectVersion = 46;
	objects = {

/* Begin PBXBuildFile section */
		B57721691B469F0A00ADC9BB /* ASkil.m in Sources */ = {isa = PBXBuildFile; fileRef = B57721681B469F0A00ADC9BB /* ASkil.m */; };
		B577216C1B46A0B900ADC9BB /* SkillOfCritical.m in Sources */ = {isa = PBXBuildFile; fileRef = B577216B1B46A0B900ADC9BB /* SkillOfCritical.m */; };
		B577216F1B4B4F0C00ADC9BB /* HeroFactory.m in Sources */ = {isa = PBXBuildFile; fileRef = B577216E1B4B4F0C00ADC9BB /* HeroFactory.m */; };
		B57721721B4B4FEC00ADC9BB /* HeroInfo.m in Sources */ = {isa = PBXBuildFile; fileRef = B57721711B4B4FEC00ADC9BB /* HeroInfo.m */; };
		B57721751B4B5A8200ADC9BB /* HeroInfoFactory.m in Sources */ = {isa = PBXBuildFile; fileRef = B57721741B4B5A8200ADC9BB /* HeroInfoFactory.m */; };
		B57721781B4B5FA500ADC9BB /* HeroPower.m in Sources */ = {isa = PBXBuildFile; fileRef = B57721771B4B5FA500ADC9BB /* HeroPower.m */; };
		B577217B1B4B60DB00ADC9BB /* GameCenterUtil.m in Sources */ = {isa = PBXBuildFile; fileRef = B577217A1B4B60DB00ADC9BB /* GameCenterUtil.m */; };
		B577217E1B4B613700ADC9BB /* CommonUtil.m in Sources */ = {isa = PBXBuildFile; fileRef = B577217D1B4B613700ADC9BB /* CommonUtil.m */; };
		B5DF8ADF1CBD0CA8007A2BF1 /* TextureHelper.m in Sources */ = {isa = PBXBuildFile; fileRef = B5DF8ADE1CBD0CA8007A2BF1 /* TextureHelper.m */; };
		B5DF8AE11CBD140B007A2BF1 /* explode.png in Resources */ = {isa = PBXBuildFile; fileRef = B5DF8AE01CBD140B007A2BF1 /* explode.png */; };
		B5DF8AE81CBDC3C2007A2BF1 /* SkillTableViewCell.m in Sources */ = {isa = PBXBuildFile; fileRef = B5DF8AE61CBDC3C2007A2BF1 /* SkillTableViewCell.m */; };
		B5DF8AE91CBDC3C2007A2BF1 /* SkillTableViewCell.xib in Resources */ = {isa = PBXBuildFile; fileRef = B5DF8AE71CBDC3C2007A2BF1 /* SkillTableViewCell.xib */; };
		B5FC6FD01B439FD200E5A48F /* main.m in Sources */ = {isa = PBXBuildFile; fileRef = B5FC6FCF1B439FD200E5A48F /* main.m */; };
		B5FC6FD31B439FD200E5A48F /* AppDelegate.m in Sources */ = {isa = PBXBuildFile; fileRef = B5FC6FD21B439FD200E5A48F /* AppDelegate.m */; };
		B5FC6FD61B439FD200E5A48F /* GameScene.m in Sources */ = {isa = PBXBuildFile; fileRef = B5FC6FD51B439FD200E5A48F /* GameScene.m */; };
		B5FC6FD81B439FD200E5A48F /* GameScene.sks in Resources */ = {isa = PBXBuildFile; fileRef = B5FC6FD71B439FD200E5A48F /* GameScene.sks */; };
		B5FC6FDB1B439FD200E5A48F /* GameViewController.m in Sources */ = {isa = PBXBuildFile; fileRef = B5FC6FDA1B439FD200E5A48F /* GameViewController.m */; };
		B5FC6FDE1B439FD200E5A48F /* Main.storyboard in Resources */ = {isa = PBXBuildFile; fileRef = B5FC6FDC1B439FD200E5A48F /* Main.storyboard */; };
		B5FC6FE01B439FD200E5A48F /* Images.xcassets in Resources */ = {isa = PBXBuildFile; fileRef = B5FC6FDF1B439FD200E5A48F /* Images.xcassets */; };
		B5FC6FE31B439FD200E5A48F /* LaunchScreen.xib in Resources */ = {isa = PBXBuildFile; fileRef = B5FC6FE11B439FD200E5A48F /* LaunchScreen.xib */; };
		B5FC6FEF1B439FD300E5A48F /* Try_Tap_EasyTests.m in Sources */ = {isa = PBXBuildFile; fileRef = B5FC6FEE1B439FD300E5A48F /* Try_Tap_EasyTests.m */; };
		B5FC6FFA1B43A0F600E5A48F /* Monster.m in Sources */ = {isa = PBXBuildFile; fileRef = B5FC6FF91B43A0F600E5A48F /* Monster.m */; };
		B5FC6FFD1B43BE7A00E5A48F /* Hero.m in Sources */ = {isa = PBXBuildFile; fileRef = B5FC6FFC1B43BE7A00E5A48F /* Hero.m */; };
		B5FC70001B43BE9200E5A48F /* Skill.m in Sources */ = {isa = PBXBuildFile; fileRef = B5FC6FFF1B43BE9200E5A48F /* Skill.m */; };
		B5FC70031B43BED200E5A48F /* ISKILL.m in Sources */ = {isa = PBXBuildFile; fileRef = B5FC70021B43BED200E5A48F /* ISKILL.m */; };
		B5FC70061B43C14800E5A48F /* PlayerInfo.m in Sources */ = {isa = PBXBuildFile; fileRef = B5FC70051B43C14800E5A48F /* PlayerInfo.m */; };
		B5FC70881B44BC4500E5A48F /* cat05_1.png in Resources */ = {isa = PBXBuildFile; fileRef = B5FC70741B44BC4500E5A48F /* cat05_1.png */; };
		B5FC70891B44BC4500E5A48F /* cat05_2.png in Resources */ = {isa = PBXBuildFile; fileRef = B5FC70751B44BC4500E5A48F /* cat05_2.png */; };
		B5FC708A1B44BC4500E5A48F /* cat05_3.png in Resources */ = {isa = PBXBuildFile; fileRef = B5FC70761B44BC4500E5A48F /* cat05_3.png */; };
		B5FC708B1B44BC4500E5A48F /* cat05_4.png in Resources */ = {isa = PBXBuildFile; fileRef = B5FC70771B44BC4500E5A48F /* cat05_4.png */; };
		B5FC708C1B44BC4500E5A48F /* cat04_1.png in Resources */ = {isa = PBXBuildFile; fileRef = B5FC70781B44BC4500E5A48F /* cat04_1.png */; };
		B5FC708D1B44BC4500E5A48F /* cat04_2.png in Resources */ = {isa = PBXBuildFile; fileRef = B5FC70791B44BC4500E5A48F /* cat04_2.png */; };
		B5FC708E1B44BC4500E5A48F /* cat04_3.png in Resources */ = {isa = PBXBuildFile; fileRef = B5FC707A1B44BC4500E5A48F /* cat04_3.png */; };
		B5FC708F1B44BC4500E5A48F /* cat04_4.png in Resources */ = {isa = PBXBuildFile; fileRef = B5FC707B1B44BC4500E5A48F /* cat04_4.png */; };
		B5FC70901B44BC4500E5A48F /* cat03_1.png in Resources */ = {isa = PBXBuildFile; fileRef = B5FC707C1B44BC4500E5A48F /* cat03_1.png */; };
		B5FC70911B44BC4500E5A48F /* cat03_2.png in Resources */ = {isa = PBXBuildFile; fileRef = B5FC707D1B44BC4500E5A48F /* cat03_2.png */; };
		B5FC70921B44BC4500E5A48F /* cat03_3.png in Resources */ = {isa = PBXBuildFile; fileRef = B5FC707E1B44BC4500E5A48F /* cat03_3.png */; };
		B5FC70931B44BC4500E5A48F /* cat03_4.png in Resources */ = {isa = PBXBuildFile; fileRef = B5FC707F1B44BC4500E5A48F /* cat03_4.png */; };
		B5FC70941B44BC4500E5A48F /* cat02_1.png in Resources */ = {isa = PBXBuildFile; fileRef = B5FC70801B44BC4500E5A48F /* cat02_1.png */; };
		B5FC70951B44BC4500E5A48F /* cat02_2.png in Resources */ = {isa = PBXBuildFile; fileRef = B5FC70811B44BC4500E5A48F /* cat02_2.png */; };
		B5FC70961B44BC4500E5A48F /* cat02_3.png in Resources */ = {isa = PBXBuildFile; fileRef = B5FC70821B44BC4500E5A48F /* cat02_3.png */; };
		B5FC70971B44BC4500E5A48F /* cat02_4.png in Resources */ = {isa = PBXBuildFile; fileRef = B5FC70831B44BC4500E5A48F /* cat02_4.png */; };
		B5FC70981B44BC4500E5A48F /* cat01_1.png in Resources */ = {isa = PBXBuildFile; fileRef = B5FC70841B44BC4500E5A48F /* cat01_1.png */; };
		B5FC70991B44BC4500E5A48F /* cat01_2.png in Resources */ = {isa = PBXBuildFile; fileRef = B5FC70851B44BC4500E5A48F /* cat01_2.png */; };
		B5FC709A1B44BC4500E5A48F /* cat01_3.png in Resources */ = {isa = PBXBuildFile; fileRef = B5FC70861B44BC4500E5A48F /* cat01_3.png */; };
		B5FC709B1B44BC4500E5A48F /* cat01_4.png in Resources */ = {isa = PBXBuildFile; fileRef = B5FC70871B44BC4500E5A48F /* cat01_4.png */; };
		B5FC70A51B45364700E5A48F /* hp_bar.png in Resources */ = {isa = PBXBuildFile; fileRef = B5FC70A31B45364700E5A48F /* hp_bar.png */; };
		B5FC70A61B45364700E5A48F /* hp_frame.png in Resources */ = {isa = PBXBuildFile; fileRef = B5FC70A41B45364700E5A48F /* hp_frame.png */; };
/* End PBXBuildFile section */

/* Begin PBXContainerItemProxy section */
		B5FC6FE91B439FD300E5A48F /* PBXContainerItemProxy */ = {
			isa = PBXContainerItemProxy;
			containerPortal = B5FC6FC21B439FD100E5A48F /* Project object */;
			proxyType = 1;
			remoteGlobalIDString = B5FC6FC91B439FD200E5A48F;
			remoteInfo = Try_Tap_Easy;
		};
/* End PBXContainerItemProxy section */

/* Begin PBXFileReference section */
		B57721671B469F0A00ADC9BB /* ASkil.h */ = {isa = PBXFileReference; fileEncoding = 4; lastKnownFileType = sourcecode.c.h; path = ASkil.h; sourceTree = "<group>"; };
		B57721681B469F0A00ADC9BB /* ASkil.m */ = {isa = PBXFileReference; fileEncoding = 4; lastKnownFileType = sourcecode.c.objc; path = ASkil.m; sourceTree = "<group>"; };
		B577216A1B46A0B900ADC9BB /* SkillOfCritical.h */ = {isa = PBXFileReference; fileEncoding = 4; lastKnownFileType = sourcecode.c.h; path = SkillOfCritical.h; sourceTree = "<group>"; };
		B577216B1B46A0B900ADC9BB /* SkillOfCritical.m */ = {isa = PBXFileReference; fileEncoding = 4; lastKnownFileType = sourcecode.c.objc; path = SkillOfCritical.m; sourceTree = "<group>"; };
		B577216D1B4B4F0C00ADC9BB /* HeroFactory.h */ = {isa = PBXFileReference; fileEncoding = 4; lastKnownFileType = sourcecode.c.h; path = HeroFactory.h; sourceTree = "<group>"; };
		B577216E1B4B4F0C00ADC9BB /* HeroFactory.m */ = {isa = PBXFileReference; fileEncoding = 4; lastKnownFileType = sourcecode.c.objc; path = HeroFactory.m; sourceTree = "<group>"; };
		B57721701B4B4FEC00ADC9BB /* HeroInfo.h */ = {isa = PBXFileReference; fileEncoding = 4; lastKnownFileType = sourcecode.c.h; path = HeroInfo.h; sourceTree = "<group>"; };
		B57721711B4B4FEC00ADC9BB /* HeroInfo.m */ = {isa = PBXFileReference; fileEncoding = 4; lastKnownFileType = sourcecode.c.objc; path = HeroInfo.m; sourceTree = "<group>"; };
		B57721731B4B5A8200ADC9BB /* HeroInfoFactory.h */ = {isa = PBXFileReference; fileEncoding = 4; lastKnownFileType = sourcecode.c.h; path = HeroInfoFactory.h; sourceTree = "<group>"; };
		B57721741B4B5A8200ADC9BB /* HeroInfoFactory.m */ = {isa = PBXFileReference; fileEncoding = 4; lastKnownFileType = sourcecode.c.objc; path = HeroInfoFactory.m; sourceTree = "<group>"; };
		B57721761B4B5FA500ADC9BB /* HeroPower.h */ = {isa = PBXFileReference; fileEncoding = 4; lastKnownFileType = sourcecode.c.h; path = HeroPower.h; sourceTree = "<group>"; };
		B57721771B4B5FA500ADC9BB /* HeroPower.m */ = {isa = PBXFileReference; fileEncoding = 4; lastKnownFileType = sourcecode.c.objc; path = HeroPower.m; sourceTree = "<group>"; };
		B57721791B4B60DB00ADC9BB /* GameCenterUtil.h */ = {isa = PBXFileReference; fileEncoding = 4; lastKnownFileType = sourcecode.c.h; path = GameCenterUtil.h; sourceTree = "<group>"; };
		B577217A1B4B60DB00ADC9BB /* GameCenterUtil.m */ = {isa = PBXFileReference; fileEncoding = 4; lastKnownFileType = sourcecode.c.objc; path = GameCenterUtil.m; sourceTree = "<group>"; };
		B577217C1B4B613700ADC9BB /* CommonUtil.h */ = {isa = PBXFileReference; fileEncoding = 4; lastKnownFileType = sourcecode.c.h; path = CommonUtil.h; sourceTree = "<group>"; };
		B577217D1B4B613700ADC9BB /* CommonUtil.m */ = {isa = PBXFileReference; fileEncoding = 4; lastKnownFileType = sourcecode.c.objc; path = CommonUtil.m; sourceTree = "<group>"; };
		B5DF8ADD1CBD0CA8007A2BF1 /* TextureHelper.h */ = {isa = PBXFileReference; fileEncoding = 4; lastKnownFileType = sourcecode.c.h; path = TextureHelper.h; sourceTree = "<group>"; };
		B5DF8ADE1CBD0CA8007A2BF1 /* TextureHelper.m */ = {isa = PBXFileReference; fileEncoding = 4; lastKnownFileType = sourcecode.c.objc; path = TextureHelper.m; sourceTree = "<group>"; };
		B5DF8AE01CBD140B007A2BF1 /* explode.png */ = {isa = PBXFileReference; lastKnownFileType = image.png; path = explode.png; sourceTree = "<group>"; };
		B5DF8AE51CBDC3C2007A2BF1 /* SkillTableViewCell.h */ = {isa = PBXFileReference; fileEncoding = 4; lastKnownFileType = sourcecode.c.h; path = SkillTableViewCell.h; sourceTree = "<group>"; };
		B5DF8AE61CBDC3C2007A2BF1 /* SkillTableViewCell.m */ = {isa = PBXFileReference; fileEncoding = 4; lastKnownFileType = sourcecode.c.objc; path = SkillTableViewCell.m; sourceTree = "<group>"; };
		B5DF8AE71CBDC3C2007A2BF1 /* SkillTableViewCell.xib */ = {isa = PBXFileReference; fileEncoding = 4; lastKnownFileType = file.xib; path = SkillTableViewCell.xib; sourceTree = "<group>"; };
		B5FC6FCA1B439FD200E5A48F /* Try_Tap_Easy.app */ = {isa = PBXFileReference; explicitFileType = wrapper.application; includeInIndex = 0; path = Try_Tap_Easy.app; sourceTree = BUILT_PRODUCTS_DIR; };
		B5FC6FCE1B439FD200E5A48F /* Info.plist */ = {isa = PBXFileReference; lastKnownFileType = text.plist.xml; path = Info.plist; sourceTree = "<group>"; };
		B5FC6FCF1B439FD200E5A48F /* main.m */ = {isa = PBXFileReference; lastKnownFileType = sourcecode.c.objc; path = main.m; sourceTree = "<group>"; };
		B5FC6FD11B439FD200E5A48F /* AppDelegate.h */ = {isa = PBXFileReference; lastKnownFileType = sourcecode.c.h; path = AppDelegate.h; sourceTree = "<group>"; };
		B5FC6FD21B439FD200E5A48F /* AppDelegate.m */ = {isa = PBXFileReference; lastKnownFileType = sourcecode.c.objc; path = AppDelegate.m; sourceTree = "<group>"; };
		B5FC6FD41B439FD200E5A48F /* GameScene.h */ = {isa = PBXFileReference; lastKnownFileType = sourcecode.c.h; path = GameScene.h; sourceTree = "<group>"; };
		B5FC6FD51B439FD200E5A48F /* GameScene.m */ = {isa = PBXFileReference; lastKnownFileType = sourcecode.c.objc; path = GameScene.m; sourceTree = "<group>"; };
		B5FC6FD71B439FD200E5A48F /* GameScene.sks */ = {isa = PBXFileReference; lastKnownFileType = file.sks; path = GameScene.sks; sourceTree = "<group>"; };
		B5FC6FD91B439FD200E5A48F /* GameViewController.h */ = {isa = PBXFileReference; lastKnownFileType = sourcecode.c.h; path = GameViewController.h; sourceTree = "<group>"; };
		B5FC6FDA1B439FD200E5A48F /* GameViewController.m */ = {isa = PBXFileReference; lastKnownFileType = sourcecode.c.objc; path = GameViewController.m; sourceTree = "<group>"; };
		B5FC6FDD1B439FD200E5A48F /* Base */ = {isa = PBXFileReference; lastKnownFileType = file.storyboard; name = Base; path = Base.lproj/Main.storyboard; sourceTree = "<group>"; };
		B5FC6FDF1B439FD200E5A48F /* Images.xcassets */ = {isa = PBXFileReference; lastKnownFileType = folder.assetcatalog; path = Images.xcassets; sourceTree = "<group>"; };
		B5FC6FE21B439FD200E5A48F /* Base */ = {isa = PBXFileReference; lastKnownFileType = file.xib; name = Base; path = Base.lproj/LaunchScreen.xib; sourceTree = "<group>"; };
		B5FC6FE81B439FD300E5A48F /* Try_Tap_EasyTests.xctest */ = {isa = PBXFileReference; explicitFileType = wrapper.cfbundle; includeInIndex = 0; path = Try_Tap_EasyTests.xctest; sourceTree = BUILT_PRODUCTS_DIR; };
		B5FC6FED1B439FD300E5A48F /* Info.plist */ = {isa = PBXFileReference; lastKnownFileType = text.plist.xml; path = Info.plist; sourceTree = "<group>"; };
		B5FC6FEE1B439FD300E5A48F /* Try_Tap_EasyTests.m */ = {isa = PBXFileReference; lastKnownFileType = sourcecode.c.objc; path = Try_Tap_EasyTests.m; sourceTree = "<group>"; };
		B5FC6FF81B43A0F600E5A48F /* Monster.h */ = {isa = PBXFileReference; fileEncoding = 4; lastKnownFileType = sourcecode.c.h; path = Monster.h; sourceTree = "<group>"; };
		B5FC6FF91B43A0F600E5A48F /* Monster.m */ = {isa = PBXFileReference; fileEncoding = 4; lastKnownFileType = sourcecode.c.objc; path = Monster.m; sourceTree = "<group>"; };
		B5FC6FFB1B43BE7A00E5A48F /* Hero.h */ = {isa = PBXFileReference; fileEncoding = 4; lastKnownFileType = sourcecode.c.h; path = Hero.h; sourceTree = "<group>"; };
		B5FC6FFC1B43BE7A00E5A48F /* Hero.m */ = {isa = PBXFileReference; fileEncoding = 4; lastKnownFileType = sourcecode.c.objc; path = Hero.m; sourceTree = "<group>"; };
		B5FC6FFE1B43BE9200E5A48F /* Skill.h */ = {isa = PBXFileReference; fileEncoding = 4; lastKnownFileType = sourcecode.c.h; path = Skill.h; sourceTree = "<group>"; };
		B5FC6FFF1B43BE9200E5A48F /* Skill.m */ = {isa = PBXFileReference; fileEncoding = 4; lastKnownFileType = sourcecode.c.objc; path = Skill.m; sourceTree = "<group>"; };
		B5FC70011B43BED200E5A48F /* ISKILL.h */ = {isa = PBXFileReference; fileEncoding = 4; lastKnownFileType = sourcecode.c.h; path = ISKILL.h; sourceTree = "<group>"; };
		B5FC70021B43BED200E5A48F /* ISKILL.m */ = {isa = PBXFileReference; fileEncoding = 4; lastKnownFileType = sourcecode.c.objc; path = ISKILL.m; sourceTree = "<group>"; };
		B5FC70041B43C14800E5A48F /* PlayerInfo.h */ = {isa = PBXFileReference; fileEncoding = 4; lastKnownFileType = sourcecode.c.h; path = PlayerInfo.h; sourceTree = "<group>"; };
		B5FC70051B43C14800E5A48F /* PlayerInfo.m */ = {isa = PBXFileReference; fileEncoding = 4; lastKnownFileType = sourcecode.c.objc; path = PlayerInfo.m; sourceTree = "<group>"; };
		B5FC70741B44BC4500E5A48F /* cat05_1.png */ = {isa = PBXFileReference; lastKnownFileType = image.png; path = cat05_1.png; sourceTree = "<group>"; };
		B5FC70751B44BC4500E5A48F /* cat05_2.png */ = {isa = PBXFileReference; lastKnownFileType = image.png; path = cat05_2.png; sourceTree = "<group>"; };
		B5FC70761B44BC4500E5A48F /* cat05_3.png */ = {isa = PBXFileReference; lastKnownFileType = image.png; path = cat05_3.png; sourceTree = "<group>"; };
		B5FC70771B44BC4500E5A48F /* cat05_4.png */ = {isa = PBXFileReference; lastKnownFileType = image.png; path = cat05_4.png; sourceTree = "<group>"; };
		B5FC70781B44BC4500E5A48F /* cat04_1.png */ = {isa = PBXFileReference; lastKnownFileType = image.png; path = cat04_1.png; sourceTree = "<group>"; };
		B5FC70791B44BC4500E5A48F /* cat04_2.png */ = {isa = PBXFileReference; lastKnownFileType = image.png; path = cat04_2.png; sourceTree = "<group>"; };
		B5FC707A1B44BC4500E5A48F /* cat04_3.png */ = {isa = PBXFileReference; lastKnownFileType = image.png; path = cat04_3.png; sourceTree = "<group>"; };
		B5FC707B1B44BC4500E5A48F /* cat04_4.png */ = {isa = PBXFileReference; lastKnownFileType = image.png; path = cat04_4.png; sourceTree = "<group>"; };
		B5FC707C1B44BC4500E5A48F /* cat03_1.png */ = {isa = PBXFileReference; lastKnownFileType = image.png; path = cat03_1.png; sourceTree = "<group>"; };
		B5FC707D1B44BC4500E5A48F /* cat03_2.png */ = {isa = PBXFileReference; lastKnownFileType = image.png; path = cat03_2.png; sourceTree = "<group>"; };
		B5FC707E1B44BC4500E5A48F /* cat03_3.png */ = {isa = PBXFileReference; lastKnownFileType = image.png; path = cat03_3.png; sourceTree = "<group>"; };
		B5FC707F1B44BC4500E5A48F /* cat03_4.png */ = {isa = PBXFileReference; lastKnownFileType = image.png; path = cat03_4.png; sourceTree = "<group>"; };
		B5FC70801B44BC4500E5A48F /* cat02_1.png */ = {isa = PBXFileReference; lastKnownFileType = image.png; path = cat02_1.png; sourceTree = "<group>"; };
		B5FC70811B44BC4500E5A48F /* cat02_2.png */ = {isa = PBXFileReference; lastKnownFileType = image.png; path = cat02_2.png; sourceTree = "<group>"; };
		B5FC70821B44BC4500E5A48F /* cat02_3.png */ = {isa = PBXFileReference; lastKnownFileType = image.png; path = cat02_3.png; sourceTree = "<group>"; };
		B5FC70831B44BC4500E5A48F /* cat02_4.png */ = {isa = PBXFileReference; lastKnownFileType = image.png; path = cat02_4.png; sourceTree = "<group>"; };
		B5FC70841B44BC4500E5A48F /* cat01_1.png */ = {isa = PBXFileReference; lastKnownFileType = image.png; path = cat01_1.png; sourceTree = "<group>"; };
		B5FC70851B44BC4500E5A48F /* cat01_2.png */ = {isa = PBXFileReference; lastKnownFileType = image.png; path = cat01_2.png; sourceTree = "<group>"; };
		B5FC70861B44BC4500E5A48F /* cat01_3.png */ = {isa = PBXFileReference; lastKnownFileType = image.png; path = cat01_3.png; sourceTree = "<group>"; };
		B5FC70871B44BC4500E5A48F /* cat01_4.png */ = {isa = PBXFileReference; lastKnownFileType = image.png; path = cat01_4.png; sourceTree = "<group>"; };
		B5FC70A31B45364700E5A48F /* hp_bar.png */ = {isa = PBXFileReference; lastKnownFileType = image.png; path = hp_bar.png; sourceTree = "<group>"; };
		B5FC70A41B45364700E5A48F /* hp_frame.png */ = {isa = PBXFileReference; lastKnownFileType = image.png; path = hp_frame.png; sourceTree = "<group>"; };
/* End PBXFileReference section */

/* Begin PBXFrameworksBuildPhase section */
		B5FC6FC71B439FD200E5A48F /* Frameworks */ = {
			isa = PBXFrameworksBuildPhase;
			buildActionMask = 2147483647;
			files = (
			);
			runOnlyForDeploymentPostprocessing = 0;
		};
		B5FC6FE51B439FD300E5A48F /* Frameworks */ = {
			isa = PBXFrameworksBuildPhase;
			buildActionMask = 2147483647;
			files = (
			);
			runOnlyForDeploymentPostprocessing = 0;
		};
/* End PBXFrameworksBuildPhase section */

/* Begin PBXGroup section */
		B5FC6FC11B439FD100E5A48F = {
			isa = PBXGroup;
			children = (
				B5FC6FCC1B439FD200E5A48F /* Try_Tap_Easy */,
				B5FC6FEB1B439FD300E5A48F /* Try_Tap_EasyTests */,
				B5FC6FCB1B439FD200E5A48F /* Products */,
			);
			sourceTree = "<group>";
		};
		B5FC6FCB1B439FD200E5A48F /* Products */ = {
			isa = PBXGroup;
			children = (
				B5FC6FCA1B439FD200E5A48F /* Try_Tap_Easy.app */,
				B5FC6FE81B439FD300E5A48F /* Try_Tap_EasyTests.xctest */,
			);
			name = Products;
			sourceTree = "<group>";
		};
		B5FC6FCC1B439FD200E5A48F /* Try_Tap_Easy */ = {
			isa = PBXGroup;
			children = (
				B5FC70731B44BC2800E5A48F /* Images */,
				B5FC6FD11B439FD200E5A48F /* AppDelegate.h */,
				B5FC6FD21B439FD200E5A48F /* AppDelegate.m */,
				B577217C1B4B613700ADC9BB /* CommonUtil.h */,
				B577217D1B4B613700ADC9BB /* CommonUtil.m */,
				B5FC6FD41B439FD200E5A48F /* GameScene.h */,
				B5FC6FD51B439FD200E5A48F /* GameScene.m */,
				B5FC6FD71B439FD200E5A48F /* GameScene.sks */,
				B5FC6FD91B439FD200E5A48F /* GameViewController.h */,
				B5FC6FDA1B439FD200E5A48F /* GameViewController.m */,
				B5DF8AE51CBDC3C2007A2BF1 /* SkillTableViewCell.h */,
				B5DF8AE61CBDC3C2007A2BF1 /* SkillTableViewCell.m */,
				B5DF8AE71CBDC3C2007A2BF1 /* SkillTableViewCell.xib */,
				B57721791B4B60DB00ADC9BB /* GameCenterUtil.h */,
				B577217A1B4B60DB00ADC9BB /* GameCenterUtil.m */,
				B5FC6FF81B43A0F600E5A48F /* Monster.h */,
				B5FC6FF91B43A0F600E5A48F /* Monster.m */,
				B5FC6FDC1B439FD200E5A48F /* Main.storyboard */,
				B5FC6FDF1B439FD200E5A48F /* Images.xcassets */,
				B5FC6FE11B439FD200E5A48F /* LaunchScreen.xib */,
				B5FC6FCD1B439FD200E5A48F /* Supporting Files */,
				B5FC6FFB1B43BE7A00E5A48F /* Hero.h */,
				B5FC6FFC1B43BE7A00E5A48F /* Hero.m */,
				B57721701B4B4FEC00ADC9BB /* HeroInfo.h */,
				B57721711B4B4FEC00ADC9BB /* HeroInfo.m */,
				B57721731B4B5A8200ADC9BB /* HeroInfoFactory.h */,
				B57721741B4B5A8200ADC9BB /* HeroInfoFactory.m */,
				B577216D1B4B4F0C00ADC9BB /* HeroFactory.h */,
				B577216E1B4B4F0C00ADC9BB /* HeroFactory.m */,
				B57721761B4B5FA500ADC9BB /* HeroPower.h */,
				B57721771B4B5FA500ADC9BB /* HeroPower.m */,
				B5FC70011B43BED200E5A48F /* ISKILL.h */,
				B5FC70021B43BED200E5A48F /* ISKILL.m */,
				B57721671B469F0A00ADC9BB /* ASkil.h */,
				B57721681B469F0A00ADC9BB /* ASkil.m */,
				B5FC6FFE1B43BE9200E5A48F /* Skill.h */,
				B5FC6FFF1B43BE9200E5A48F /* Skill.m */,
				B577216A1B46A0B900ADC9BB /* SkillOfCritical.h */,
				B577216B1B46A0B900ADC9BB /* SkillOfCritical.m */,
				B5FC70041B43C14800E5A48F /* PlayerInfo.h */,
				B5FC70051B43C14800E5A48F /* PlayerInfo.m */,
				B5DF8ADD1CBD0CA8007A2BF1 /* TextureHelper.h */,
				B5DF8ADE1CBD0CA8007A2BF1 /* TextureHelper.m */,
			);
			path = Try_Tap_Easy;
			sourceTree = "<group>";
		};
		B5FC6FCD1B439FD200E5A48F /* Supporting Files */ = {
			isa = PBXGroup;
			children = (
				B5FC6FCE1B439FD200E5A48F /* Info.plist */,
				B5FC6FCF1B439FD200E5A48F /* main.m */,
			);
			name = "Supporting Files";
			sourceTree = "<group>";
		};
		B5FC6FEB1B439FD300E5A48F /* Try_Tap_EasyTests */ = {
			isa = PBXGroup;
			children = (
				B5FC6FEE1B439FD300E5A48F /* Try_Tap_EasyTests.m */,
				B5FC6FEC1B439FD300E5A48F /* Supporting Files */,
			);
			path = Try_Tap_EasyTests;
			sourceTree = "<group>";
		};
		B5FC6FEC1B439FD300E5A48F /* Supporting Files */ = {
			isa = PBXGroup;
			children = (
				B5FC6FED1B439FD300E5A48F /* Info.plist */,
			);
			name = "Supporting Files";
			sourceTree = "<group>";
		};
		B5FC70731B44BC2800E5A48F /* Images */ = {
			isa = PBXGroup;
			children = (
				B5FC70741B44BC4500E5A48F /* cat05_1.png */,
				B5FC70751B44BC4500E5A48F /* cat05_2.png */,
				B5FC70761B44BC4500E5A48F /* cat05_3.png */,
				B5FC70771B44BC4500E5A48F /* cat05_4.png */,
				B5FC70781B44BC4500E5A48F /* cat04_1.png */,
				B5FC70791B44BC4500E5A48F /* cat04_2.png */,
				B5FC707A1B44BC4500E5A48F /* cat04_3.png */,
				B5FC707B1B44BC4500E5A48F /* cat04_4.png */,
				B5FC707C1B44BC4500E5A48F /* cat03_1.png */,
				B5FC707D1B44BC4500E5A48F /* cat03_2.png */,
				B5FC707E1B44BC4500E5A48F /* cat03_3.png */,
				B5FC707F1B44BC4500E5A48F /* cat03_4.png */,
				B5FC70801B44BC4500E5A48F /* cat02_1.png */,
				B5FC70811B44BC4500E5A48F /* cat02_2.png */,
				B5FC70821B44BC4500E5A48F /* cat02_3.png */,
				B5FC70831B44BC4500E5A48F /* cat02_4.png */,
				B5FC70841B44BC4500E5A48F /* cat01_1.png */,
				B5FC70851B44BC4500E5A48F /* cat01_2.png */,
				B5FC70861B44BC4500E5A48F /* cat01_3.png */,
				B5FC70871B44BC4500E5A48F /* cat01_4.png */,
				B5FC70A31B45364700E5A48F /* hp_bar.png */,
				B5FC70A41B45364700E5A48F /* hp_frame.png */,
				B5DF8AE01CBD140B007A2BF1 /* explode.png */,
			);
			name = Images;
			sourceTree = "<group>";
		};
/* End PBXGroup section */

/* Begin PBXNativeTarget section */
		B5FC6FC91B439FD200E5A48F /* Try_Tap_Easy */ = {
			isa = PBXNativeTarget;
			buildConfigurationList = B5FC6FF21B439FD300E5A48F /* Build configuration list for PBXNativeTarget "Try_Tap_Easy" */;
			buildPhases = (
				B5FC6FC61B439FD200E5A48F /* Sources */,
				B5FC6FC71B439FD200E5A48F /* Frameworks */,
				B5FC6FC81B439FD200E5A48F /* Resources */,
			);
			buildRules = (
			);
			dependencies = (
			);
			name = Try_Tap_Easy;
			productName = Try_Tap_Easy;
			productReference = B5FC6FCA1B439FD200E5A48F /* Try_Tap_Easy.app */;
			productType = "com.apple.product-type.application";
		};
		B5FC6FE71B439FD300E5A48F /* Try_Tap_EasyTests */ = {
			isa = PBXNativeTarget;
			buildConfigurationList = B5FC6FF51B439FD300E5A48F /* Build configuration list for PBXNativeTarget "Try_Tap_EasyTests" */;
			buildPhases = (
				B5FC6FE41B439FD300E5A48F /* Sources */,
				B5FC6FE51B439FD300E5A48F /* Frameworks */,
				B5FC6FE61B439FD300E5A48F /* Resources */,
			);
			buildRules = (
			);
			dependencies = (
				B5FC6FEA1B439FD300E5A48F /* PBXTargetDependency */,
			);
			name = Try_Tap_EasyTests;
			productName = Try_Tap_EasyTests;
			productReference = B5FC6FE81B439FD300E5A48F /* Try_Tap_EasyTests.xctest */;
			productType = "com.apple.product-type.bundle.unit-test";
		};
/* End PBXNativeTarget section */

/* Begin PBXProject section */
		B5FC6FC21B439FD100E5A48F /* Project object */ = {
			isa = PBXProject;
			attributes = {
				LastUpgradeCheck = 0620;
				ORGANIZATIONNAME = irons;
				TargetAttributes = {
					B5FC6FC91B439FD200E5A48F = {
						CreatedOnToolsVersion = 6.2;
					};
					B5FC6FE71B439FD300E5A48F = {
						CreatedOnToolsVersion = 6.2;
						TestTargetID = B5FC6FC91B439FD200E5A48F;
					};
				};
			};
			buildConfigurationList = B5FC6FC51B439FD100E5A48F /* Build configuration list for PBXProject "Try_Tap_Easy" */;
			compatibilityVersion = "Xcode 3.2";
			developmentRegion = English;
			hasScannedForEncodings = 0;
			knownRegions = (
				en,
				Base,
			);
			mainGroup = B5FC6FC11B439FD100E5A48F;
			productRefGroup = B5FC6FCB1B439FD200E5A48F /* Products */;
			projectDirPath = "";
			projectRoot = "";
			targets = (
				B5FC6FC91B439FD200E5A48F /* Try_Tap_Easy */,
				B5FC6FE71B439FD300E5A48F /* Try_Tap_EasyTests */,
			);
		};
/* End PBXProject section */

/* Begin PBXResourcesBuildPhase section */
		B5FC6FC81B439FD200E5A48F /* Resources */ = {
			isa = PBXResourcesBuildPhase;
			buildActionMask = 2147483647;
			files = (
				B5FC70891B44BC4500E5A48F /* cat05_2.png in Resources */,
				B5FC70941B44BC4500E5A48F /* cat02_1.png in Resources */,
				B5FC6FE31B439FD200E5A48F /* LaunchScreen.xib in Resources */,
				B5FC70A51B45364700E5A48F /* hp_bar.png in Resources */,
				B5FC70961B44BC4500E5A48F /* cat02_3.png in Resources */,
				B5DF8AE11CBD140B007A2BF1 /* explode.png in Resources */,
				B5FC70A61B45364700E5A48F /* hp_frame.png in Resources */,
				B5FC708A1B44BC4500E5A48F /* cat05_3.png in Resources */,
				B5FC70881B44BC4500E5A48F /* cat05_1.png in Resources */,
				B5DF8AE91CBDC3C2007A2BF1 /* SkillTableViewCell.xib in Resources */,
				B5FC708E1B44BC4500E5A48F /* cat04_3.png in Resources */,
				B5FC6FE01B439FD200E5A48F /* Images.xcassets in Resources */,
				B5FC6FD81B439FD200E5A48F /* GameScene.sks in Resources */,
				B5FC708C1B44BC4500E5A48F /* cat04_1.png in Resources */,
				B5FC70951B44BC4500E5A48F /* cat02_2.png in Resources */,
				B5FC708B1B44BC4500E5A48F /* cat05_4.png in Resources */,
				B5FC708F1B44BC4500E5A48F /* cat04_4.png in Resources */,
				B5FC70911B44BC4500E5A48F /* cat03_2.png in Resources */,
				B5FC70991B44BC4500E5A48F /* cat01_2.png in Resources */,
				B5FC6FDE1B439FD200E5A48F /* Main.storyboard in Resources */,
				B5FC709A1B44BC4500E5A48F /* cat01_3.png in Resources */,
				B5FC70971B44BC4500E5A48F /* cat02_4.png in Resources */,
				B5FC709B1B44BC4500E5A48F /* cat01_4.png in Resources */,
				B5FC70931B44BC4500E5A48F /* cat03_4.png in Resources */,
				B5FC70921B44BC4500E5A48F /* cat03_3.png in Resources */,
				B5FC70981B44BC4500E5A48F /* cat01_1.png in Resources */,
				B5FC708D1B44BC4500E5A48F /* cat04_2.png in Resources */,
				B5FC70901B44BC4500E5A48F /* cat03_1.png in Resources */,
			);
			runOnlyForDeploymentPostprocessing = 0;
		};
		B5FC6FE61B439FD300E5A48F /* Resources */ = {
			isa = PBXResourcesBuildPhase;
			buildActionMask = 2147483647;
			files = (
			);
			runOnlyForDeploymentPostprocessing = 0;
		};
/* End PBXResourcesBuildPhase section */

/* Begin PBXSourcesBuildPhase section */
		B5FC6FC61B439FD200E5A48F /* Sources */ = {
			isa = PBXSourcesBuildPhase;
			buildActionMask = 2147483647;
			files = (
				B577217E1B4B613700ADC9BB /* CommonUtil.m in Sources */,
				B5FC6FDB1B439FD200E5A48F /* GameViewController.m in Sources */,
				B5FC70061B43C14800E5A48F /* PlayerInfo.m in Sources */,
				B5FC6FFD1B43BE7A00E5A48F /* Hero.m in Sources */,
				B5FC70001B43BE9200E5A48F /* Skill.m in Sources */,
				B5DF8ADF1CBD0CA8007A2BF1 /* TextureHelper.m in Sources */,
				B577217B1B4B60DB00ADC9BB /* GameCenterUtil.m in Sources */,
				B577216C1B46A0B900ADC9BB /* SkillOfCritical.m in Sources */,
				B57721691B469F0A00ADC9BB /* ASkil.m in Sources */,
				B5FC70031B43BED200E5A48F /* ISKILL.m in Sources */,
				B5FC6FFA1B43A0F600E5A48F /* Monster.m in Sources */,
				B5FC6FD31B439FD200E5A48F /* AppDelegate.m in Sources */,
				B57721781B4B5FA500ADC9BB /* HeroPower.m in Sources */,
				B5FC6FD61B439FD200E5A48F /* GameScene.m in Sources */,
				B577216F1B4B4F0C00ADC9BB /* HeroFactory.m in Sources */,
				B57721721B4B4FEC00ADC9BB /* HeroInfo.m in Sources */,
				B57721751B4B5A8200ADC9BB /* HeroInfoFactory.m in Sources */,
				B5FC6FD01B439FD200E5A48F /* main.m in Sources */,
				B5DF8AE81CBDC3C2007A2BF1 /* SkillTableViewCell.m in Sources */,
			);
			runOnlyForDeploymentPostprocessing = 0;
		};
		B5FC6FE41B439FD300E5A48F /* Sources */ = {
			isa = PBXSourcesBuildPhase;
			buildActionMask = 2147483647;
			files = (
				B5FC6FEF1B439FD300E5A48F /* Try_Tap_EasyTests.m in Sources */,
			);
			runOnlyForDeploymentPostprocessing = 0;
		};
/* End PBXSourcesBuildPhase section */

/* Begin PBXTargetDependency section */
		B5FC6FEA1B439FD300E5A48F /* PBXTargetDependency */ = {
			isa = PBXTargetDependency;
			target = B5FC6FC91B439FD200E5A48F /* Try_Tap_Easy */;
			targetProxy = B5FC6FE91B439FD300E5A48F /* PBXContainerItemProxy */;
		};
/* End PBXTargetDependency section */

/* Begin PBXVariantGroup section */
		B5FC6FDC1B439FD200E5A48F /* Main.storyboard */ = {
			isa = PBXVariantGroup;
			children = (
				B5FC6FDD1B439FD200E5A48F /* Base */,
			);
			name = Main.storyboard;
			sourceTree = "<group>";
		};
		B5FC6FE11B439FD200E5A48F /* LaunchScreen.xib */ = {
			isa = PBXVariantGroup;
			children = (
				B5FC6FE21B439FD200E5A48F /* Base */,
			);
			name = LaunchScreen.xib;
			sourceTree = "<group>";
		};
/* End PBXVariantGroup section */

/* Begin XCBuildConfiguration section */
		B5FC6FF01B439FD300E5A48F /* Debug */ = {
			isa = XCBuildConfiguration;
			buildSettings = {
				ALWAYS_SEARCH_USER_PATHS = NO;
				CLANG_CXX_LANGUAGE_STANDARD = "gnu++0x";
				CLANG_CXX_LIBRARY = "libc++";
				CLANG_ENABLE_MODULES = YES;
				CLANG_ENABLE_OBJC_ARC = YES;
				CLANG_WARN_BOOL_CONVERSION = YES;
				CLANG_WARN_CONSTANT_CONVERSION = YES;
				CLANG_WARN_DIRECT_OBJC_ISA_USAGE = YES_ERROR;
				CLANG_WARN_EMPTY_BODY = YES;
				CLANG_WARN_ENUM_CONVERSION = YES;
				CLANG_WARN_INT_CONVERSION = YES;
				CLANG_WARN_OBJC_ROOT_CLASS = YES_ERROR;
				CLANG_WARN_UNREACHABLE_CODE = YES;
				CLANG_WARN__DUPLICATE_METHOD_MATCH = YES;
				"CODE_SIGN_IDENTITY[sdk=iphoneos*]" = "iPhone Developer";
				COPY_PHASE_STRIP = NO;
				ENABLE_STRICT_OBJC_MSGSEND = YES;
				GCC_C_LANGUAGE_STANDARD = gnu99;
				GCC_DYNAMIC_NO_PIC = NO;
				GCC_OPTIMIZATION_LEVEL = 0;
				GCC_PREPROCESSOR_DEFINITIONS = (
					"DEBUG=1",
					"$(inherited)",
				);
				GCC_SYMBOLS_PRIVATE_EXTERN = NO;
				GCC_WARN_64_TO_32_BIT_CONVERSION = YES;
				GCC_WARN_ABOUT_RETURN_TYPE = YES_ERROR;
				GCC_WARN_UNDECLARED_SELECTOR = YES;
				GCC_WARN_UNINITIALIZED_AUTOS = YES_AGGRESSIVE;
				GCC_WARN_UNUSED_FUNCTION = YES;
				GCC_WARN_UNUSED_VARIABLE = YES;
				IPHONEOS_DEPLOYMENT_TARGET = 8.2;
				MTL_ENABLE_DEBUG_INFO = YES;
				ONLY_ACTIVE_ARCH = YES;
				SDKROOT = iphoneos;
			};
			name = Debug;
		};
		B5FC6FF11B439FD300E5A48F /* Release */ = {
			isa = XCBuildConfiguration;
			buildSettings = {
				ALWAYS_SEARCH_USER_PATHS = NO;
				CLANG_CXX_LANGUAGE_STANDARD = "gnu++0x";
				CLANG_CXX_LIBRARY = "libc++";
				CLANG_ENABLE_MODULES = YES;
				CLANG_ENABLE_OBJC_ARC = YES;
				CLANG_WARN_BOOL_CONVERSION = YES;
				CLANG_WARN_CONSTANT_CONVERSION = YES;
				CLANG_WARN_DIRECT_OBJC_ISA_USAGE = YES_ERROR;
				CLANG_WARN_EMPTY_BODY = YES;
				CLANG_WARN_ENUM_CONVERSION = YES;
				CLANG_WARN_INT_CONVERSION = YES;
				CLANG_WARN_OBJC_ROOT_CLASS = YES_ERROR;
				CLANG_WARN_UNREACHABLE_CODE = YES;
				CLANG_WARN__DUPLICATE_METHOD_MATCH = YES;
				"CODE_SIGN_IDENTITY[sdk=iphoneos*]" = "iPhone Developer";
				COPY_PHASE_STRIP = NO;
				ENABLE_NS_ASSERTIONS = NO;
				ENABLE_STRICT_OBJC_MSGSEND = YES;
				GCC_C_LANGUAGE_STANDARD = gnu99;
				GCC_WARN_64_TO_32_BIT_CONVERSION = YES;
				GCC_WARN_ABOUT_RETURN_TYPE = YES_ERROR;
				GCC_WARN_UNDECLARED_SELECTOR = YES;
				GCC_WARN_UNINITIALIZED_AUTOS = YES_AGGRESSIVE;
				GCC_WARN_UNUSED_FUNCTION = YES;
				GCC_WARN_UNUSED_VARIABLE = YES;
				IPHONEOS_DEPLOYMENT_TARGET = 8.2;
				MTL_ENABLE_DEBUG_INFO = NO;
				SDKROOT = iphoneos;
				VALIDATE_PRODUCT = YES;
			};
			name = Release;
		};
		B5FC6FF31B439FD300E5A48F /* Debug */ = {
			isa = XCBuildConfiguration;
			buildSettings = {
				ASSETCATALOG_COMPILER_APPICON_NAME = AppIcon;
				INFOPLIST_FILE = Try_Tap_Easy/Info.plist;
				LD_RUNPATH_SEARCH_PATHS = "$(inherited) @executable_path/Frameworks";
				PRODUCT_NAME = "$(TARGET_NAME)";
			};
			name = Debug;
		};
		B5FC6FF41B439FD300E5A48F /* Release */ = {
			isa = XCBuildConfiguration;
			buildSettings = {
				ASSETCATALOG_COMPILER_APPICON_NAME = AppIcon;
				INFOPLIST_FILE = Try_Tap_Easy/Info.plist;
				LD_RUNPATH_SEARCH_PATHS = "$(inherited) @executable_path/Frameworks";
				PRODUCT_NAME = "$(TARGET_NAME)";
			};
			name = Release;
		};
		B5FC6FF61B439FD300E5A48F /* Debug */ = {
			isa = XCBuildConfiguration;
			buildSettings = {
				BUNDLE_LOADER = "$(TEST_HOST)";
				FRAMEWORK_SEARCH_PATHS = (
					"$(SDKROOT)/Developer/Library/Frameworks",
					"$(inherited)",
				);
				GCC_PREPROCESSOR_DEFINITIONS = (
					"DEBUG=1",
					"$(inherited)",
				);
				INFOPLIST_FILE = Try_Tap_EasyTests/Info.plist;
				LD_RUNPATH_SEARCH_PATHS = "$(inherited) @executable_path/Frameworks @loader_path/Frameworks";
				PRODUCT_NAME = "$(TARGET_NAME)";
				TEST_HOST = "$(BUILT_PRODUCTS_DIR)/Try_Tap_Easy.app/Try_Tap_Easy";
			};
			name = Debug;
		};
		B5FC6FF71B439FD300E5A48F /* Release */ = {
			isa = XCBuildConfiguration;
			buildSettings = {
				BUNDLE_LOADER = "$(TEST_HOST)";
				FRAMEWORK_SEARCH_PATHS = (
					"$(SDKROOT)/Developer/Library/Frameworks",
					"$(inherited)",
				);
				INFOPLIST_FILE = Try_Tap_EasyTests/Info.plist;
				LD_RUNPATH_SEARCH_PATHS = "$(inherited) @executable_path/Frameworks @loader_path/Frameworks";
				PRODUCT_NAME = "$(TARGET_NAME)";
				TEST_HOST = "$(BUILT_PRODUCTS_DIR)/Try_Tap_Easy.app/Try_Tap_Easy";
			};
			name = Release;
		};
/* End XCBuildConfiguration section */

/* Begin XCConfigurationList section */
		B5FC6FC51B439FD100E5A48F /* Build configuration list for PBXProject "Try_Tap_Easy" */ = {
			isa = XCConfigurationList;
			buildConfigurations = (
				B5FC6FF01B439FD300E5A48F /* Debug */,
				B5FC6FF11B439FD300E5A48F /* Release */,
			);
			defaultConfigurationIsVisible = 0;
			defaultConfigurationName = Release;
		};
		B5FC6FF21B439FD300E5A48F /* Build configuration list for PBXNativeTarget "Try_Tap_Easy" */ = {
			isa = XCConfigurationList;
			buildConfigurations = (
				B5FC6FF31B439FD300E5A48F /* Debug */,
				B5FC6FF41B439FD300E5A48F /* Release */,
			);
			defaultConfigurationIsVisible = 0;
			defaultConfigurationName = Release;
		};
		B5FC6FF51B439FD300E5A48F /* Build configuration list for PBXNativeTarget "Try_Tap_EasyTests" */ = {
			isa = XCConfigurationList;
			buildConfigurations = (
				B5FC6FF61B439FD300E5A48F /* Debug */,
				B5FC6FF71B439FD300E5A48F /* Release */,
			);
			defaultConfigurationIsVisible = 0;
			defaultConfigurationName = Release;
		};
/* End XCConfigurationList section */
	};
	rootObject = B5FC6FC21B439FD100E5A48F /* Project object */;
}
